
Microsoft Visual Studio Solution File, Format Version 12.00
# Visual Studio 15
VisualStudioVersion = 15.0.28307.106
MinimumVisualStudioVersion = 10.0.40219.1
Project("{FAE04EC0-301F-11D3-BF4B-00C04F79EFBC}") = "Forum", "Forum\Forum.csproj", "{B0E7E984-82AC-4616-9FFB-D47DDE78D910}"
EndProject
Global
	GlobalSection(SolutionConfigurationPlatforms) = preSolution
		Debug|Any CPU = Debug|Any CPU
		Release|Any CPU = Release|Any CPU
	EndGlobalSection
	GlobalSection(ProjectConfigurationPlatforms) = postSolution
		{B0E7E984-82AC-4616-9FFB-D47DDE78D910}.Debug|Any CPU.ActiveCfg = Debug|Any CPU
		{B0E7E984-82AC-4616-9FFB-D47DDE78D910}.Debug|Any CPU.Build.0 = Debug|Any CPU
		{B0E7E984-82AC-4616-9FFB-D47DDE78D910}.Release|Any CPU.ActiveCfg = Release|Any CPU
		{B0E7E984-82AC-4616-9FFB-D47DDE78D910}.Release|Any CPU.Build.0 = Release|Any CPU
	EndGlobalSection
	GlobalSection(SolutionProperties) = preSolution
		HideSolutionNode = FALSE
	EndGlobalSection
	GlobalSection(ExtensibilityGlobals) = postSolution
		SolutionGuid = {4A5E4E03-148C-4E90-B13B-E51EBEE2CB35}
	EndGlobalSection
EndGlobal
